
Microsoft Visual Studio Solution File, Format Version 12.00
# Visual Studio Version 17
VisualStudioVersion = 17.12.35707.178 d17.12
MinimumVisualStudioVersion = 10.0.40219.1
Project("{FAE04EC0-301F-11D3-BF4B-00C04F79EFBC}") = "Part 1 POE", "Part 1 POE.csproj", "{1A9F03A5-EEE7-40B6-9011-4957B9FD45CC}"
EndProject
Global
	GlobalSection(SolutionConfigurationPlatforms) = preSolution
		Debug|Any CPU = Debug|Any CPU
		Release|Any CPU = Release|Any CPU
	EndGlobalSection
	GlobalSection(ProjectConfigurationPlatforms) = postSolution
		{1A9F03A5-EEE7-40B6-9011-4957B9FD45CC}.Debug|Any CPU.ActiveCfg = Debug|Any CPU
		{1A9F03A5-EEE7-40B6-9011-4957B9FD45CC}.Debug|Any CPU.Build.0 = Debug|Any CPU
		{1A9F03A5-EEE7-40B6-9011-4957B9FD45CC}.Release|Any CPU.ActiveCfg = Release|Any CPU
		{1A9F03A5-EEE7-40B6-9011-4957B9FD45CC}.Release|Any CPU.Build.0 = Release|Any CPU
	EndGlobalSection
	GlobalSection(SolutionProperties) = preSolution
		HideSolutionNode = FALSE
	EndGlobalSection
EndGlobal
